{
  "lockfile_version": "1",
  "packages": {
    "github:NixOS/nixpkgs/nixpkgs-unstable": {
      "last_modified": "2025-12-05T15:03:55Z",
      "resolved": "github:NixOS/nixpkgs/a672be65651c80d3f592a89b3945466584a22069?lastModified=1764947035&narHash=sha256-EYHSjVM4Ox4lvCXUMiKKs2vETUSL5mx%2BJ2FfutM7T9w%3D"
    },
    "tektoncd-cli@0.43.0": {
      "last_modified": "2025-11-23T21:50:36Z",
      "resolved": "github:NixOS/nixpkgs/ee09932cedcef15aaf476f9343d1dea2cb77e261#tektoncd-cli",
      "source": "devbox-search",
      "version": "0.43.0",
      "systems": {
        "aarch64-darwin": {
          "outputs": [
            {
              "name": "out",
              "path": "/nix/store/2zjpk0dwmhamb3m7clcvibphx0wz4i55-tektoncd-cli-0.43.0",
              "default": true
            }
          ],
          "store_path": "/nix/store/2zjpk0dwmhamb3m7clcvibphx0wz4i55-tektoncd-cli-0.43.0"
        },
        "aarch64-linux": {
          "outputs": [
            {
              "name": "out",
              "path": "/nix/store/0n2jigpdfj12yx6mxffn89v6p9jzw1jf-tektoncd-cli-0.43.0",
              "default": true
            }
          ],
          "store_path": "/nix/store/0n2jigpdfj12yx6mxffn89v6p9jzw1jf-tektoncd-cli-0.43.0"
        },
        "x86_64-darwin": {
          "outputs": [
            {
              "name": "out",
              "path": "/nix/store/k74svdihprjg2hyql6b4c6hhwwkcy10a-tektoncd-cli-0.43.0",
              "default": true
            }
          ],
          "store_path": "/nix/store/k74svdihprjg2hyql6b4c6hhwwkcy10a-tektoncd-cli-0.43.0"
        },
        "x86_64-linux": {
          "outputs": [
            {
              "name": "out",
              "path": "/nix/store/8nndgs4qq7yznwasy29v2gp2xk81rvy9-tektoncd-cli-0.43.0",
              "default": true
            }
          ],
          "store_path": "/nix/store/8nndgs4qq7yznwasy29v2gp2xk81rvy9-tektoncd-cli-0.43.0"
        }
      }
    }
  }
}
